
Microsoft Visual Studio Solution File, Format Version 12.00
# Visual Studio Version 17
VisualStudioVersion = 17.3.32825.248
MinimumVisualStudioVersion = 10.0.40219.1
Project("{9A19103F-16F7-4668-BE54-9A1E7A4F7556}") = "ATM", "ATM\ATM.csproj", "{86BBDCB8-064E-443D-A743-55EF8C3628ED}"
EndProject
Project("{9A19103F-16F7-4668-BE54-9A1E7A4F7556}") = "RPG", "RPG\RPG.csproj", "{1E22238C-C77E-43E0-A5AE-008BC9D4E40A}"
EndProject
Project("{9A19103F-16F7-4668-BE54-9A1E7A4F7556}") = "OwnBrandMotionSensor1", "OwnBrandMotionSensor1\OwnBrandMotionSensor1.csproj", "{B225183F-513B-4E0C-B55B-7F22DEFC40C5}"
EndProject
Project("{9A19103F-16F7-4668-BE54-9A1E7A4F7556}") = "OwnBrandMultiSensor", "OwnBrandMultiSensor\OwnBrandMultiSensor.csproj", "{8A83DEE7-1ED8-4398-AFA4-33BB54D48D7C}"
EndProject
Project("{9A19103F-16F7-4668-BE54-9A1E7A4F7556}") = "OwnBrandSoundSensor", "OwnBrandSoundSensor\OwnBrandSoundSensor.csproj", "{A38CED2A-E17B-427F-A03F-4FEC42A8F13A}"
EndProject
Project("{2150E333-8FDC-42A3-9474-1A3956D46DE8}") = "Light Controller", "Light Controller", "{CDA52CF0-8688-45A6-B0D5-D4BBDCFAD326}"
EndProject
Project("{9A19103F-16F7-4668-BE54-9A1E7A4F7556}") = "ExternalBrandSoundSensor", "ExternalBrandSoundSensor\ExternalBrandSoundSensor.csproj", "{9A8AAE3E-4A01-4ADD-B961-3131D678A7BB}"
EndProject
Project("{9A19103F-16F7-4668-BE54-9A1E7A4F7556}") = "OwnBrandMotionSensor2", "OwnBrandMotionSensor2\OwnBrandMotionSensor2.csproj", "{FB865674-7FA9-4C7B-9D34-A4DA152547F9}"
EndProject
Project("{2150E333-8FDC-42A3-9474-1A3956D46DE8}") = "Sensor Collection", "Sensor Collection", "{AD9B42C1-3039-4771-BB31-1FF6E1076BC1}"
EndProject
Project("{9A19103F-16F7-4668-BE54-9A1E7A4F7556}") = "Sensors", "Sensors\Sensors.csproj", "{605EC8D0-C396-4CBA-AF58-36BC31A0E6A3}"
EndProject
Project("{9A19103F-16F7-4668-BE54-9A1E7A4F7556}") = "ExternalBrandSoundSensorAdapter", "ExternalBrandSoundSensorAdapter\ExternalBrandSoundSensorAdapter.csproj", "{DC5A1D02-C275-4B9A-A5AC-2BFB75B66459}"
EndProject
Project("{9A19103F-16F7-4668-BE54-9A1E7A4F7556}") = "LightController", "LightController\LightController.csproj", "{A0B848A6-C55F-4121-9C7E-E3A78CDB8EB8}"
EndProject
Project("{9A19103F-16F7-4668-BE54-9A1E7A4F7556}") = "Lights", "Lights\Lights.csproj", "{3EC3761D-50B1-42B5-BDD2-D8F0BC4D3B82}"
EndProject
Project("{2150E333-8FDC-42A3-9474-1A3956D46DE8}") = "Light Collection", "Light Collection", "{3238E92F-C4B9-44CC-A9BD-04B7CD4EB4BE}"
EndProject
Project("{9A19103F-16F7-4668-BE54-9A1E7A4F7556}") = "OwnBrandCeilingLight", "OwnBrandCeilingLight\OwnBrandCeilingLight.csproj", "{065DEEF2-C6DA-456A-A461-B5E491F902DE}"
EndProject
Project("{9A19103F-16F7-4668-BE54-9A1E7A4F7556}") = "LightControllerStarter", "LightControllerStarter\LightControllerStarter.csproj", "{32F36317-DE02-4345-A73D-C272ED10B91C}"
EndProject
Project("{9A19103F-16F7-4668-BE54-9A1E7A4F7556}") = "ExternalBrandFloorLamp", "ExternalBrandFloorLamp\ExternalBrandFloorLamp.csproj", "{E49A32FA-6995-4694-BC79-384C3B6551AA}"
EndProject
Project("{9A19103F-16F7-4668-BE54-9A1E7A4F7556}") = "ExternalBrandFloorLampAdapter", "ExternalBrandFloorLampAdapter\ExternalBrandFloorLampAdapter.csproj", "{09B154E4-3F36-468D-9786-63824B701AEF}"
EndProject
Project("{9A19103F-16F7-4668-BE54-9A1E7A4F7556}") = "ATMTest", "ATMTest\ATMTest.csproj", "{4EED8692-5EC1-4216-A3EB-C4F36B7EE639}"
EndProject
Global
	GlobalSection(SolutionConfigurationPlatforms) = preSolution
		Debug|Any CPU = Debug|Any CPU
		Release|Any CPU = Release|Any CPU
	EndGlobalSection
	GlobalSection(ProjectConfigurationPlatforms) = postSolution
		{86BBDCB8-064E-443D-A743-55EF8C3628ED}.Debug|Any CPU.ActiveCfg = Debug|Any CPU
		{86BBDCB8-064E-443D-A743-55EF8C3628ED}.Debug|Any CPU.Build.0 = Debug|Any CPU
		{86BBDCB8-064E-443D-A743-55EF8C3628ED}.Release|Any CPU.ActiveCfg = Release|Any CPU
		{86BBDCB8-064E-443D-A743-55EF8C3628ED}.Release|Any CPU.Build.0 = Release|Any CPU
		{1E22238C-C77E-43E0-A5AE-008BC9D4E40A}.Debug|Any CPU.ActiveCfg = Debug|Any CPU
		{1E22238C-C77E-43E0-A5AE-008BC9D4E40A}.Debug|Any CPU.Build.0 = Debug|Any CPU
		{1E22238C-C77E-43E0-A5AE-008BC9D4E40A}.Release|Any CPU.ActiveCfg = Release|Any CPU
		{1E22238C-C77E-43E0-A5AE-008BC9D4E40A}.Release|Any CPU.Build.0 = Release|Any CPU
		{B225183F-513B-4E0C-B55B-7F22DEFC40C5}.Debug|Any CPU.ActiveCfg = Debug|Any CPU
		{B225183F-513B-4E0C-B55B-7F22DEFC40C5}.Debug|Any CPU.Build.0 = Debug|Any CPU
		{B225183F-513B-4E0C-B55B-7F22DEFC40C5}.Release|Any CPU.ActiveCfg = Release|Any CPU
		{B225183F-513B-4E0C-B55B-7F22DEFC40C5}.Release|Any CPU.Build.0 = Release|Any CPU
		{8A83DEE7-1ED8-4398-AFA4-33BB54D48D7C}.Debug|Any CPU.ActiveCfg = Debug|Any CPU
		{8A83DEE7-1ED8-4398-AFA4-33BB54D48D7C}.Debug|Any CPU.Build.0 = Debug|Any CPU
		{8A83DEE7-1ED8-4398-AFA4-33BB54D48D7C}.Release|Any CPU.ActiveCfg = Release|Any CPU
		{8A83DEE7-1ED8-4398-AFA4-33BB54D48D7C}.Release|Any CPU.Build.0 = Release|Any CPU
		{A38CED2A-E17B-427F-A03F-4FEC42A8F13A}.Debug|Any CPU.ActiveCfg = Debug|Any CPU
		{A38CED2A-E17B-427F-A03F-4FEC42A8F13A}.Debug|Any CPU.Build.0 = Debug|Any CPU
		{A38CED2A-E17B-427F-A03F-4FEC42A8F13A}.Release|Any CPU.ActiveCfg = Release|Any CPU
		{A38CED2A-E17B-427F-A03F-4FEC42A8F13A}.Release|Any CPU.Build.0 = Release|Any CPU
		{9A8AAE3E-4A01-4ADD-B961-3131D678A7BB}.Debug|Any CPU.ActiveCfg = Debug|Any CPU
		{9A8AAE3E-4A01-4ADD-B961-3131D678A7BB}.Debug|Any CPU.Build.0 = Debug|Any CPU
		{9A8AAE3E-4A01-4ADD-B961-3131D678A7BB}.Release|Any CPU.ActiveCfg = Release|Any CPU
		{9A8AAE3E-4A01-4ADD-B961-3131D678A7BB}.Release|Any CPU.Build.0 = Release|Any CPU
		{FB865674-7FA9-4C7B-9D34-A4DA152547F9}.Debug|Any CPU.ActiveCfg = Debug|Any CPU
		{FB865674-7FA9-4C7B-9D34-A4DA152547F9}.Debug|Any CPU.Build.0 = Debug|Any CPU
		{FB865674-7FA9-4C7B-9D34-A4DA152547F9}.Release|Any CPU.ActiveCfg = Release|Any CPU
		{FB865674-7FA9-4C7B-9D34-A4DA152547F9}.Release|Any CPU.Build.0 = Release|Any CPU
		{605EC8D0-C396-4CBA-AF58-36BC31A0E6A3}.Debug|Any CPU.ActiveCfg = Debug|Any CPU
		{605EC8D0-C396-4CBA-AF58-36BC31A0E6A3}.Debug|Any CPU.Build.0 = Debug|Any CPU
		{605EC8D0-C396-4CBA-AF58-36BC31A0E6A3}.Release|Any CPU.ActiveCfg = Release|Any CPU
		{605EC8D0-C396-4CBA-AF58-36BC31A0E6A3}.Release|Any CPU.Build.0 = Release|Any CPU
		{DC5A1D02-C275-4B9A-A5AC-2BFB75B66459}.Debug|Any CPU.ActiveCfg = Debug|Any CPU
		{DC5A1D02-C275-4B9A-A5AC-2BFB75B66459}.Debug|Any CPU.Build.0 = Debug|Any CPU
		{DC5A1D02-C275-4B9A-A5AC-2BFB75B66459}.Release|Any CPU.ActiveCfg = Release|Any CPU
		{DC5A1D02-C275-4B9A-A5AC-2BFB75B66459}.Release|Any CPU.Build.0 = Release|Any CPU
		{A0B848A6-C55F-4121-9C7E-E3A78CDB8EB8}.Debug|Any CPU.ActiveCfg = Debug|Any CPU
		{A0B848A6-C55F-4121-9C7E-E3A78CDB8EB8}.Debug|Any CPU.Build.0 = Debug|Any CPU
		{A0B848A6-C55F-4121-9C7E-E3A78CDB8EB8}.Release|Any CPU.ActiveCfg = Release|Any CPU
		{A0B848A6-C55F-4121-9C7E-E3A78CDB8EB8}.Release|Any CPU.Build.0 = Release|Any CPU
		{3EC3761D-50B1-42B5-BDD2-D8F0BC4D3B82}.Debug|Any CPU.ActiveCfg = Debug|Any CPU
		{3EC3761D-50B1-42B5-BDD2-D8F0BC4D3B82}.Debug|Any CPU.Build.0 = Debug|Any CPU
		{3EC3761D-50B1-42B5-BDD2-D8F0BC4D3B82}.Release|Any CPU.ActiveCfg = Release|Any CPU
		{3EC3761D-50B1-42B5-BDD2-D8F0BC4D3B82}.Release|Any CPU.Build.0 = Release|Any CPU
		{065DEEF2-C6DA-456A-A461-B5E491F902DE}.Debug|Any CPU.ActiveCfg = Debug|Any CPU
		{065DEEF2-C6DA-456A-A461-B5E491F902DE}.Debug|Any CPU.Build.0 = Debug|Any CPU
		{065DEEF2-C6DA-456A-A461-B5E491F902DE}.Release|Any CPU.ActiveCfg = Release|Any CPU
		{065DEEF2-C6DA-456A-A461-B5E491F902DE}.Release|Any CPU.Build.0 = Release|Any CPU
		{32F36317-DE02-4345-A73D-C272ED10B91C}.Debug|Any CPU.ActiveCfg = Debug|Any CPU
		{32F36317-DE02-4345-A73D-C272ED10B91C}.Debug|Any CPU.Build.0 = Debug|Any CPU
		{32F36317-DE02-4345-A73D-C272ED10B91C}.Release|Any CPU.ActiveCfg = Release|Any CPU
		{32F36317-DE02-4345-A73D-C272ED10B91C}.Release|Any CPU.Build.0 = Release|Any CPU
		{E49A32FA-6995-4694-BC79-384C3B6551AA}.Debug|Any CPU.ActiveCfg = Debug|Any CPU
		{E49A32FA-6995-4694-BC79-384C3B6551AA}.Debug|Any CPU.Build.0 = Debug|Any CPU
		{E49A32FA-6995-4694-BC79-384C3B6551AA}.Release|Any CPU.ActiveCfg = Release|Any CPU
		{E49A32FA-6995-4694-BC79-384C3B6551AA}.Release|Any CPU.Build.0 = Release|Any CPU
		{09B154E4-3F36-468D-9786-63824B701AEF}.Debug|Any CPU.ActiveCfg = Debug|Any CPU
		{09B154E4-3F36-468D-9786-63824B701AEF}.Debug|Any CPU.Build.0 = Debug|Any CPU
		{09B154E4-3F36-468D-9786-63824B701AEF}.Release|Any CPU.ActiveCfg = Release|Any CPU
		{09B154E4-3F36-468D-9786-63824B701AEF}.Release|Any CPU.Build.0 = Release|Any CPU
		{4EED8692-5EC1-4216-A3EB-C4F36B7EE639}.Debug|Any CPU.ActiveCfg = Debug|Any CPU
		{4EED8692-5EC1-4216-A3EB-C4F36B7EE639}.Debug|Any CPU.Build.0 = Debug|Any CPU
		{4EED8692-5EC1-4216-A3EB-C4F36B7EE639}.Release|Any CPU.ActiveCfg = Release|Any CPU
		{4EED8692-5EC1-4216-A3EB-C4F36B7EE639}.Release|Any CPU.Build.0 = Release|Any CPU
	EndGlobalSection
	GlobalSection(SolutionProperties) = preSolution
		HideSolutionNode = FALSE
	EndGlobalSection
	GlobalSection(NestedProjects) = preSolution
		{B225183F-513B-4E0C-B55B-7F22DEFC40C5} = {AD9B42C1-3039-4771-BB31-1FF6E1076BC1}
		{8A83DEE7-1ED8-4398-AFA4-33BB54D48D7C} = {AD9B42C1-3039-4771-BB31-1FF6E1076BC1}
		{A38CED2A-E17B-427F-A03F-4FEC42A8F13A} = {AD9B42C1-3039-4771-BB31-1FF6E1076BC1}
		{9A8AAE3E-4A01-4ADD-B961-3131D678A7BB} = {AD9B42C1-3039-4771-BB31-1FF6E1076BC1}
		{FB865674-7FA9-4C7B-9D34-A4DA152547F9} = {AD9B42C1-3039-4771-BB31-1FF6E1076BC1}
		{AD9B42C1-3039-4771-BB31-1FF6E1076BC1} = {CDA52CF0-8688-45A6-B0D5-D4BBDCFAD326}
		{605EC8D0-C396-4CBA-AF58-36BC31A0E6A3} = {CDA52CF0-8688-45A6-B0D5-D4BBDCFAD326}
		{DC5A1D02-C275-4B9A-A5AC-2BFB75B66459} = {AD9B42C1-3039-4771-BB31-1FF6E1076BC1}
		{A0B848A6-C55F-4121-9C7E-E3A78CDB8EB8} = {CDA52CF0-8688-45A6-B0D5-D4BBDCFAD326}
		{3EC3761D-50B1-42B5-BDD2-D8F0BC4D3B82} = {CDA52CF0-8688-45A6-B0D5-D4BBDCFAD326}
		{3238E92F-C4B9-44CC-A9BD-04B7CD4EB4BE} = {CDA52CF0-8688-45A6-B0D5-D4BBDCFAD326}
		{065DEEF2-C6DA-456A-A461-B5E491F902DE} = {3238E92F-C4B9-44CC-A9BD-04B7CD4EB4BE}
		{32F36317-DE02-4345-A73D-C272ED10B91C} = {CDA52CF0-8688-45A6-B0D5-D4BBDCFAD326}
		{E49A32FA-6995-4694-BC79-384C3B6551AA} = {3238E92F-C4B9-44CC-A9BD-04B7CD4EB4BE}
		{09B154E4-3F36-468D-9786-63824B701AEF} = {3238E92F-C4B9-44CC-A9BD-04B7CD4EB4BE}
	EndGlobalSection
	GlobalSection(ExtensibilityGlobals) = postSolution
		SolutionGuid = {A9CB8C3D-B8C8-40CB-BF42-F0B373987559}
	EndGlobalSection
EndGlobal
